
Microsoft Visual Studio Solution File, Format Version 12.00
# Visual Studio Version 16
VisualStudioVersion = 16.0.31424.327
MinimumVisualStudioVersion = 10.0.40219.1
Project("{FAE04EC0-301F-11D3-BF4B-00C04F79EFBC}") = "ByteBank.Forum", "ByteBank.Forum\ByteBank.Forum.csproj", "{C75A84AB-6CD1-46E6-B308-07BF843C2DC2}"
EndProject
Global
	GlobalSection(SolutionConfigurationPlatforms) = preSolution
		Debug|Any CPU = Debug|Any CPU
		Release|Any CPU = Release|Any CPU
	EndGlobalSection
	GlobalSection(ProjectConfigurationPlatforms) = postSolution
		{C75A84AB-6CD1-46E6-B308-07BF843C2DC2}.Debug|Any CPU.ActiveCfg = Debug|Any CPU
		{C75A84AB-6CD1-46E6-B308-07BF843C2DC2}.Debug|Any CPU.Build.0 = Debug|Any CPU
		{C75A84AB-6CD1-46E6-B308-07BF843C2DC2}.Release|Any CPU.ActiveCfg = Release|Any CPU
		{C75A84AB-6CD1-46E6-B308-07BF843C2DC2}.Release|Any CPU.Build.0 = Release|Any CPU
	EndGlobalSection
	GlobalSection(SolutionProperties) = preSolution
		HideSolutionNode = FALSE
	EndGlobalSection
	GlobalSection(ExtensibilityGlobals) = postSolution
		SolutionGuid = {62B3E8C4-94E4-4DF1-964D-948506264A8E}
	EndGlobalSection
EndGlobal
